
Microsoft Visual Studio Solution File, Format Version 12.00
Project("{FAE04EC0-301F-11D3-BF4B-00C04F79EFBC}") = "CharacterPanelRefined", "CharacterPanelRefined.csproj", "{CA9F0CA0-C2C4-4C51-85DA-8400E3CB1352}"
EndProject
Global
	GlobalSection(SolutionConfigurationPlatforms) = preSolution
		Release|x64 = Release|x64
		Debug|x64 = Debug|x64
	EndGlobalSection
	GlobalSection(ProjectConfigurationPlatforms) = postSolution
		{CA9F0CA0-C2C4-4C51-85DA-8400E3CB1352}.Release|x64.ActiveCfg = Release|x64
		{CA9F0CA0-C2C4-4C51-85DA-8400E3CB1352}.Release|x64.Build.0 = Release|x64
		{CA9F0CA0-C2C4-4C51-85DA-8400E3CB1352}.Debug|x64.ActiveCfg = Debug|x64
		{CA9F0CA0-C2C4-4C51-85DA-8400E3CB1352}.Debug|x64.Build.0 = Debug|x64
	EndGlobalSection
EndGlobal
